// !$*UTF8*$!
{
	archiveVersion = 1;
	classes = {
	};
	objectVersion = 51;
	objects = {

/* Begin PBXBuildFile section */
		1008A9256BDEF7CA01220A0D /* Pods_Flixster.framework in Frameworks */ = {isa = PBXBuildFile; fileRef = EDCD7F21DE71117B4F1E9522 /* Pods_Flixster.framework */; };
		15340F2F2517178F00920ED6 /* AppDelegate.swift in Sources */ = {isa = PBXBuildFile; fileRef = 15340F2E2517178F00920ED6 /* AppDelegate.swift */; };
		15340F312517178F00920ED6 /* SceneDelegate.swift in Sources */ = {isa = PBXBuildFile; fileRef = 15340F302517178F00920ED6 /* SceneDelegate.swift */; };
		15340F362517178F00920ED6 /* Main.storyboard in Resources */ = {isa = PBXBuildFile; fileRef = 15340F342517178F00920ED6 /* Main.storyboard */; };
		15340F382517179100920ED6 /* Assets.xcassets in Resources */ = {isa = PBXBuildFile; fileRef = 15340F372517179100920ED6 /* Assets.xcassets */; };
		15340F3B2517179100920ED6 /* LaunchScreen.storyboard in Resources */ = {isa = PBXBuildFile; fileRef = 15340F392517179100920ED6 /* LaunchScreen.storyboard */; };
		15340F462517179100920ED6 /* FlixsterTests.swift in Sources */ = {isa = PBXBuildFile; fileRef = 15340F452517179100920ED6 /* FlixsterTests.swift */; };
		15340F512517179100920ED6 /* FlixsterUITests.swift in Sources */ = {isa = PBXBuildFile; fileRef = 15340F502517179100920ED6 /* FlixsterUITests.swift */; };
		15340F5F251719F500920ED6 /* MoviesViewController.swift in Sources */ = {isa = PBXBuildFile; fileRef = 15340F5E251719F500920ED6 /* MoviesViewController.swift */; };
		1582FCDC251E617100F5AD52 /* MovieCell.swift in Sources */ = {isa = PBXBuildFile; fileRef = 1582FCDB251E617100F5AD52 /* MovieCell.swift */; };
		15BE1AA9252A73B200BCEDBC /* MovieDetailsViewController.swift in Sources */ = {isa = PBXBuildFile; fileRef = 15BE1AA8252A73B200BCEDBC /* MovieDetailsViewController.swift */; };
		15BE1AAE252A866C00BCEDBC /* MovieGridViewController.swift in Sources */ = {isa = PBXBuildFile; fileRef = 15BE1AAD252A866C00BCEDBC /* MovieGridViewController.swift */; };
		15BE1AB3252AB39100BCEDBC /* MovieGridCell.swift in Sources */ = {isa = PBXBuildFile; fileRef = 15BE1AB2252AB39100BCEDBC /* MovieGridCell.swift */; };
		4E4ECF840CC661F596A01385 /* Pods_Flixster_FlixsterUITests.framework in Frameworks */ = {isa = PBXBuildFile; fileRef = 8C858BCEFD22E86862FC4A5D /* Pods_Flixster_FlixsterUITests.framework */; };
		93217FCB5AB63FF6983D51D2 /* Pods_FlixsterTests.framework in Frameworks */ = {isa = PBXBuildFile; fileRef = 39C680963A1D65D6812DECAB /* Pods_FlixsterTests.framework */; };
/* End PBXBuildFile section */

/* Begin PBXContainerItemProxy section */
		15340F422517179100920ED6 /* PBXContainerItemProxy */ = {
			isa = PBXContainerItemProxy;
			containerPortal = 15340F232517178F00920ED6 /* Project object */;
			proxyType = 1;
			remoteGlobalIDString = 15340F2A2517178F00920ED6;
			remoteInfo = Flixster;
		};
		15340F4D2517179100920ED6 /* PBXContainerItemProxy */ = {
			isa = PBXContainerItemProxy;
			containerPortal = 15340F232517178F00920ED6 /* Project object */;
			proxyType = 1;
			remoteGlobalIDString = 15340F2A2517178F00920ED6;
			remoteInfo = Flixster;
		};
/* End PBXContainerItemProxy section */

/* Begin PBXFileReference section */
		0447631E6E1DAC10A3215024 /* Pods-Flixster-FlixsterUITests.release.xcconfig */ = {isa = PBXFileReference; includeInIndex = 1; lastKnownFileType = text.xcconfig; name = "Pods-Flixster-FlixsterUITests.release.xcconfig"; path = "Target Support Files/Pods-Flixster-FlixsterUITests/Pods-Flixster-FlixsterUITests.release.xcconfig"; sourceTree = "<group>"; };
		0617A5C608C6F69F5D623BD4 /* Pods-Flixster-FlixsterUITests.debug.xcconfig */ = {isa = PBXFileReference; includeInIndex = 1; lastKnownFileType = text.xcconfig; name = "Pods-Flixster-FlixsterUITests.debug.xcconfig"; path = "Target Support Files/Pods-Flixster-FlixsterUITests/Pods-Flixster-FlixsterUITests.debug.xcconfig"; sourceTree = "<group>"; };
		15340F2B2517178F00920ED6 /* Flixster.app */ = {isa = PBXFileReference; explicitFileType = wrapper.application; includeInIndex = 0; path = Flixster.app; sourceTree = BUILT_PRODUCTS_DIR; };
		15340F2E2517178F00920ED6 /* AppDelegate.swift */ = {isa = PBXFileReference; lastKnownFileType = sourcecode.swift; path = AppDelegate.swift; sourceTree = "<group>"; };
		15340F302517178F00920ED6 /* SceneDelegate.swift */ = {isa = PBXFileReference; lastKnownFileType = sourcecode.swift; path = SceneDelegate.swift; sourceTree = "<group>"; };
		15340F352517178F00920ED6 /* Base */ = {isa = PBXFileReference; lastKnownFileType = file.storyboard; name = Base; path = Base.lproj/Main.storyboard; sourceTree = "<group>"; };
		15340F372517179100920ED6 /* Assets.xcassets */ = {isa = PBXFileReference; lastKnownFileType = folder.assetcatalog; path = Assets.xcassets; sourceTree = "<group>"; };
		15340F3A2517179100920ED6 /* Base */ = {isa = PBXFileReference; lastKnownFileType = file.storyboard; name = Base; path = Base.lproj/LaunchScreen.storyboard; sourceTree = "<group>"; };
		15340F3C2517179100920ED6 /* Info.plist */ = {isa = PBXFileReference; lastKnownFileType = text.plist.xml; path = Info.plist; sourceTree = "<group>"; };
		15340F412517179100920ED6 /* FlixsterTests.xctest */ = {isa = PBXFileReference; explicitFileType = wrapper.cfbundle; includeInIndex = 0; path = FlixsterTests.xctest; sourceTree = BUILT_PRODUCTS_DIR; };
		15340F452517179100920ED6 /* FlixsterTests.swift */ = {isa = PBXFileReference; lastKnownFileType = sourcecode.swift; path = FlixsterTests.swift; sourceTree = "<group>"; };
		15340F472517179100920ED6 /* Info.plist */ = {isa = PBXFileReference; lastKnownFileType = text.plist.xml; path = Info.plist; sourceTree = "<group>"; };
		15340F4C2517179100920ED6 /* FlixsterUITests.xctest */ = {isa = PBXFileReference; explicitFileType = wrapper.cfbundle; includeInIndex = 0; path = FlixsterUITests.xctest; sourceTree = BUILT_PRODUCTS_DIR; };
		15340F502517179100920ED6 /* FlixsterUITests.swift */ = {isa = PBXFileReference; lastKnownFileType = sourcecode.swift; path = FlixsterUITests.swift; sourceTree = "<group>"; };
		15340F522517179100920ED6 /* Info.plist */ = {isa = PBXFileReference; lastKnownFileType = text.plist.xml; path = Info.plist; sourceTree = "<group>"; };
		15340F5E251719F500920ED6 /* MoviesViewController.swift */ = {isa = PBXFileReference; lastKnownFileType = sourcecode.swift; path = MoviesViewController.swift; sourceTree = "<group>"; };
		1582FCDB251E617100F5AD52 /* MovieCell.swift */ = {isa = PBXFileReference; lastKnownFileType = sourcecode.swift; path = MovieCell.swift; sourceTree = "<group>"; };
		15BE1AA8252A73B200BCEDBC /* MovieDetailsViewController.swift */ = {isa = PBXFileReference; lastKnownFileType = sourcecode.swift; path = MovieDetailsViewController.swift; sourceTree = "<group>"; };
		15BE1AAD252A866C00BCEDBC /* MovieGridViewController.swift */ = {isa = PBXFileReference; lastKnownFileType = sourcecode.swift; path = MovieGridViewController.swift; sourceTree = "<group>"; };
		15BE1AB2252AB39100BCEDBC /* MovieGridCell.swift */ = {isa = PBXFileReference; lastKnownFileType = sourcecode.swift; path = MovieGridCell.swift; sourceTree = "<group>"; };
		39C680963A1D65D6812DECAB /* Pods_FlixsterTests.framework */ = {isa = PBXFileReference; explicitFileType = wrapper.framework; includeInIndex = 0; path = Pods_FlixsterTests.framework; sourceTree = BUILT_PRODUCTS_DIR; };
		643CB2FE98393DB0C828A89C /* Pods-Flixster.release.xcconfig */ = {isa = PBXFileReference; includeInIndex = 1; lastKnownFileType = text.xcconfig; name = "Pods-Flixster.release.xcconfig"; path = "Target Support Files/Pods-Flixster/Pods-Flixster.release.xcconfig"; sourceTree = "<group>"; };
		8C858BCEFD22E86862FC4A5D /* Pods_Flixster_FlixsterUITests.framework */ = {isa = PBXFileReference; explicitFileType = wrapper.framework; includeInIndex = 0; path = Pods_Flixster_FlixsterUITests.framework; sourceTree = BUILT_PRODUCTS_DIR; };
		ADA0BDFF5AD569155E1644A5 /* Pods-FlixsterTests.release.xcconfig */ = {isa = PBXFileReference; includeInIndex = 1; lastKnownFileType = text.xcconfig; name = "Pods-FlixsterTests.release.xcconfig"; path = "Target Support Files/Pods-FlixsterTests/Pods-FlixsterTests.release.xcconfig"; sourceTree = "<group>"; };
		BDA7C336D0D4712AA46A137F /* Pods-Flixster.debug.xcconfig */ = {isa = PBXFileReference; includeInIndex = 1; lastKnownFileType = text.xcconfig; name = "Pods-Flixster.debug.xcconfig"; path = "Target Support Files/Pods-Flixster/Pods-Flixster.debug.xcconfig"; sourceTree = "<group>"; };
		E5606AF91F58A836AE226454 /* Pods-FlixsterTests.debug.xcconfig */ = {isa = PBXFileReference; includeInIndex = 1; lastKnownFileType = text.xcconfig; name = "Pods-FlixsterTests.debug.xcconfig"; path = "Target Support Files/Pods-FlixsterTests/Pods-FlixsterTests.debug.xcconfig"; sourceTree = "<group>"; };
		EDCD7F21DE71117B4F1E9522 /* Pods_Flixster.framework */ = {isa = PBXFileReference; explicitFileType = wrapper.framework; includeInIndex = 0; path = Pods_Flixster.framework; sourceTree = BUILT_PRODUCTS_DIR; };
/* End PBXFileReference section */

/* Begin PBXFrameworksBuildPhase section */
		15340F282517178F00920ED6 /* Frameworks */ = {
			isa = PBXFrameworksBuildPhase;
			buildActionMask = 2147483647;
			files = (
				1008A9256BDEF7CA01220A0D /* Pods_Flixster.framework in Frameworks */,
			);
			runOnlyForDeploymentPostprocessing = 0;
		};
		15340F3E2517179100920ED6 /* Frameworks */ = {
			isa = PBXFrameworksBuildPhase;
			buildActionMask = 2147483647;
			files = (
				93217FCB5AB63FF6983D51D2 /* Pods_FlixsterTests.framework in Frameworks */,
			);
			runOnlyForDeploymentPostprocessing = 0;
		};
		15340F492517179100920ED6 /* Frameworks */ = {
			isa = PBXFrameworksBuildPhase;
			buildActionMask = 2147483647;
			files = (
				4E4ECF840CC661F596A01385 /* Pods_Flixster_FlixsterUITests.framework in Frameworks */,
			);
			runOnlyForDeploymentPostprocessing = 0;
		};
/* End PBXFrameworksBuildPhase section */

/* Begin PBXGroup section */
		15340F222517178F00920ED6 = {
			isa = PBXGroup;
			children = (
				15340F2D2517178F00920ED6 /* Flixster */,
				15340F442517179100920ED6 /* FlixsterTests */,
				15340F4F2517179100920ED6 /* FlixsterUITests */,
				15340F2C2517178F00920ED6 /* Products */,
				897C708D5F0AB85ED4363E19 /* Pods */,
				8F01A1BBBA4DA179B7C3FD7C /* Frameworks */,
			);
			sourceTree = "<group>";
		};
		15340F2C2517178F00920ED6 /* Products */ = {
			isa = PBXGroup;
			children = (
				15340F2B2517178F00920ED6 /* Flixster.app */,
				15340F412517179100920ED6 /* FlixsterTests.xctest */,
				15340F4C2517179100920ED6 /* FlixsterUITests.xctest */,
			);
			name = Products;
			sourceTree = "<group>";
		};
		15340F2D2517178F00920ED6 /* Flixster */ = {
			isa = PBXGroup;
			children = (
				15340F2E2517178F00920ED6 /* AppDelegate.swift */,
				15340F302517178F00920ED6 /* SceneDelegate.swift */,
				15340F342517178F00920ED6 /* Main.storyboard */,
				1582FCDB251E617100F5AD52 /* MovieCell.swift */,
				15340F372517179100920ED6 /* Assets.xcassets */,
				15340F392517179100920ED6 /* LaunchScreen.storyboard */,
				15340F3C2517179100920ED6 /* Info.plist */,
				15340F5E251719F500920ED6 /* MoviesViewController.swift */,
				15BE1AA8252A73B200BCEDBC /* MovieDetailsViewController.swift */,
				15BE1AAD252A866C00BCEDBC /* MovieGridViewController.swift */,
				15BE1AB2252AB39100BCEDBC /* MovieGridCell.swift */,
			);
			path = Flixster;
			sourceTree = "<group>";
		};
		15340F442517179100920ED6 /* FlixsterTests */ = {
			isa = PBXGroup;
			children = (
				15340F452517179100920ED6 /* FlixsterTests.swift */,
				15340F472517179100920ED6 /* Info.plist */,
			);
			path = FlixsterTests;
			sourceTree = "<group>";
		};
		15340F4F2517179100920ED6 /* FlixsterUITests */ = {
			isa = PBXGroup;
			children = (
				15340F502517179100920ED6 /* FlixsterUITests.swift */,
				15340F522517179100920ED6 /* Info.plist */,
			);
			path = FlixsterUITests;
			sourceTree = "<group>";
		};
		897C708D5F0AB85ED4363E19 /* Pods */ = {
			isa = PBXGroup;
			children = (
				BDA7C336D0D4712AA46A137F /* Pods-Flixster.debug.xcconfig */,
				643CB2FE98393DB0C828A89C /* Pods-Flixster.release.xcconfig */,
				0617A5C608C6F69F5D623BD4 /* Pods-Flixster-FlixsterUITests.debug.xcconfig */,
				0447631E6E1DAC10A3215024 /* Pods-Flixster-FlixsterUITests.release.xcconfig */,
				E5606AF91F58A836AE226454 /* Pods-FlixsterTests.debug.xcconfig */,
				ADA0BDFF5AD569155E1644A5 /* Pods-FlixsterTests.release.xcconfig */,
			);
			path = Pods;
			sourceTree = "<group>";
		};
		8F01A1BBBA4DA179B7C3FD7C /* Frameworks */ = {
			isa = PBXGroup;
			children = (
				EDCD7F21DE71117B4F1E9522 /* Pods_Flixster.framework */,
				8C858BCEFD22E86862FC4A5D /* Pods_Flixster_FlixsterUITests.framework */,
				39C680963A1D65D6812DECAB /* Pods_FlixsterTests.framework */,
			);
			name = Frameworks;
			sourceTree = "<group>";
		};
/* End PBXGroup section */

/* Begin PBXNativeTarget section */
		15340F2A2517178F00920ED6 /* Flixster */ = {
			isa = PBXNativeTarget;
			buildConfigurationList = 15340F552517179100920ED6 /* Build configuration list for PBXNativeTarget "Flixster" */;
			buildPhases = (
				1C00ECE101533A600ED7706F /* [CP] Check Pods Manifest.lock */,
				15340F272517178F00920ED6 /* Sources */,
				15340F282517178F00920ED6 /* Frameworks */,
				15340F292517178F00920ED6 /* Resources */,
				0B60C16AE6BF7B0A5610AEAB /* [CP] Embed Pods Frameworks */,
			);
			buildRules = (
			);
			dependencies = (
			);
			name = Flixster;
			productName = Flixster;
			productReference = 15340F2B2517178F00920ED6 /* Flixster.app */;
			productType = "com.apple.product-type.application";
		};
		15340F402517179100920ED6 /* FlixsterTests */ = {
			isa = PBXNativeTarget;
			buildConfigurationList = 15340F582517179100920ED6 /* Build configuration list for PBXNativeTarget "FlixsterTests" */;
			buildPhases = (
				EE9CC642CD0C63DA89243DE5 /* [CP] Check Pods Manifest.lock */,
				15340F3D2517179100920ED6 /* Sources */,
				15340F3E2517179100920ED6 /* Frameworks */,
				15340F3F2517179100920ED6 /* Resources */,
			);
			buildRules = (
			);
			dependencies = (
				15340F432517179100920ED6 /* PBXTargetDependency */,
			);
			name = FlixsterTests;
			productName = FlixsterTests;
			productReference = 15340F412517179100920ED6 /* FlixsterTests.xctest */;
			productType = "com.apple.product-type.bundle.unit-test";
		};
		15340F4B2517179100920ED6 /* FlixsterUITests */ = {
			isa = PBXNativeTarget;
			buildConfigurationList = 15340F5B2517179100920ED6 /* Build configuration list for PBXNativeTarget "FlixsterUITests" */;
			buildPhases = (
				158CC471DF0B97CF0ED3E796 /* [CP] Check Pods Manifest.lock */,
				15340F482517179100920ED6 /* Sources */,
				15340F492517179100920ED6 /* Frameworks */,
				15340F4A2517179100920ED6 /* Resources */,
				63A8AAE862057BE0F4A5D9D2 /* [CP] Embed Pods Frameworks */,
			);
			buildRules = (
			);
			dependencies = (
				15340F4E2517179100920ED6 /* PBXTargetDependency */,
			);
			name = FlixsterUITests;
			productName = FlixsterUITests;
			productReference = 15340F4C2517179100920ED6 /* FlixsterUITests.xctest */;
			productType = "com.apple.product-type.bundle.ui-testing";
		};
/* End PBXNativeTarget section */

/* Begin PBXProject section */
		15340F232517178F00920ED6 /* Project object */ = {
			isa = PBXProject;
			attributes = {
				LastSwiftUpdateCheck = 1170;
				LastUpgradeCheck = 1200;
				ORGANIZATIONNAME = CodePath;
				TargetAttributes = {
					15340F2A2517178F00920ED6 = {
						CreatedOnToolsVersion = 11.7;
					};
					15340F402517179100920ED6 = {
						CreatedOnToolsVersion = 11.7;
						TestTargetID = 15340F2A2517178F00920ED6;
					};
					15340F4B2517179100920ED6 = {
						CreatedOnToolsVersion = 11.7;
						TestTargetID = 15340F2A2517178F00920ED6;
					};
				};
			};
			buildConfigurationList = 15340F262517178F00920ED6 /* Build configuration list for PBXProject "Flixster" */;
			compatibilityVersion = "Xcode 9.3";
			developmentRegion = en;
			hasScannedForEncodings = 0;
			knownRegions = (
				en,
				Base,
			);
			mainGroup = 15340F222517178F00920ED6;
			productRefGroup = 15340F2C2517178F00920ED6 /* Products */;
			projectDirPath = "";
			projectRoot = "";
			targets = (
				15340F2A2517178F00920ED6 /* Flixster */,
				15340F402517179100920ED6 /* FlixsterTests */,
				15340F4B2517179100920ED6 /* FlixsterUITests */,
			);
		};
/* End PBXProject section */

/* Begin PBXResourcesBuildPhase section */
		15340F292517178F00920ED6 /* Resources */ = {
			isa = PBXResourcesBuildPhase;
			buildActionMask = 2147483647;
			files = (
				15340F3B2517179100920ED6 /* LaunchScreen.storyboard in Resources */,
				15340F382517179100920ED6 /* Assets.xcassets in Resources */,
				15340F362517178F00920ED6 /* Main.storyboard in Resources */,
			);
			runOnlyForDeploymentPostprocessing = 0;
		};
		15340F3F2517179100920ED6 /* Resources */ = {
			isa = PBXResourcesBuildPhase;
			buildActionMask = 2147483647;
			files = (
			);
			runOnlyForDeploymentPostprocessing = 0;
		};
		15340F4A2517179100920ED6 /* Resources */ = {
			isa = PBXResourcesBuildPhase;
			buildActionMask = 2147483647;
			files = (
			);
			runOnlyForDeploymentPostprocessing = 0;
		};
/* End PBXResourcesBuildPhase section */

/* Begin PBXShellScriptBuildPhase section */
		0B60C16AE6BF7B0A5610AEAB /* [CP] Embed Pods Frameworks */ = {
			isa = PBXShellScriptBuildPhase;
			buildActionMask = 2147483647;
			files = (
			);
			inputFileListPaths = (
				"${PODS_ROOT}/Target Support Files/Pods-Flixster/Pods-Flixster-frameworks-${CONFIGURATION}-input-files.xcfilelist",
			);
			name = "[CP] Embed Pods Frameworks";
			outputFileListPaths = (
				"${PODS_ROOT}/Target Support Files/Pods-Flixster/Pods-Flixster-frameworks-${CONFIGURATION}-output-files.xcfilelist",
			);
			runOnlyForDeploymentPostprocessing = 0;
			shellPath = /bin/sh;
			shellScript = "\"${PODS_ROOT}/Target Support Files/Pods-Flixster/Pods-Flixster-frameworks.sh\"\n";
			showEnvVarsInLog = 0;
		};
		158CC471DF0B97CF0ED3E796 /* [CP] Check Pods Manifest.lock */ = {
			isa = PBXShellScriptBuildPhase;
			buildActionMask = 2147483647;
			files = (
			);
			inputFileListPaths = (
			);
			inputPaths = (
				"${PODS_PODFILE_DIR_PATH}/Podfile.lock",
				"${PODS_ROOT}/Manifest.lock",
			);
			name = "[CP] Check Pods Manifest.lock";
			outputFileListPaths = (
			);
			outputPaths = (
				"$(DERIVED_FILE_DIR)/Pods-Flixster-FlixsterUITests-checkManifestLockResult.txt",
			);
			runOnlyForDeploymentPostprocessing = 0;
			shellPath = /bin/sh;
			shellScript = "diff \"${PODS_PODFILE_DIR_PATH}/Podfile.lock\" \"${PODS_ROOT}/Manifest.lock\" > /dev/null\nif [ $? != 0 ] ; then\n    # print error to STDERR\n    echo \"error: The sandbox is not in sync with the Podfile.lock. Run 'pod install' or update your CocoaPods installation.\" >&2\n    exit 1\nfi\n# This output is used by Xcode 'outputs' to avoid re-running this script phase.\necho \"SUCCESS\" > \"${SCRIPT_OUTPUT_FILE_0}\"\n";
			showEnvVarsInLog = 0;
		};
		1C00ECE101533A600ED7706F /* [CP] Check Pods Manifest.lock */ = {
			isa = PBXShellScriptBuildPhase;
			buildActionMask = 2147483647;
			files = (
			);
			inputFileListPaths = (
			);
			inputPaths = (
				"${PODS_PODFILE_DIR_PATH}/Podfile.lock",
				"${PODS_ROOT}/Manifest.lock",
			);
			name = "[CP] Check Pods Manifest.lock";
			outputFileListPaths = (
			);
			outputPaths = (
				"$(DERIVED_FILE_DIR)/Pods-Flixster-checkManifestLockResult.txt",
			);
			runOnlyForDeploymentPostprocessing = 0;
			shellPath = /bin/sh;
			shellScript = "diff \"${PODS_PODFILE_DIR_PATH}/Podfile.lock\" \"${PODS_ROOT}/Manifest.lock\" > /dev/null\nif [ $? != 0 ] ; then\n    # print error to STDERR\n    echo \"error: The sandbox is not in sync with the Podfile.lock. Run 'pod install' or update your CocoaPods installation.\" >&2\n    exit 1\nfi\n# This output is used by Xcode 'outputs' to avoid re-running this script phase.\necho \"SUCCESS\" > \"${SCRIPT_OUTPUT_FILE_0}\"\n";
			showEnvVarsInLog = 0;
		};
		63A8AAE862057BE0F4A5D9D2 /* [CP] Embed Pods Frameworks */ = {
			isa = PBXShellScriptBuildPhase;
			buildActionMask = 2147483647;
			files = (
			);
			inputFileListPaths = (
				"${PODS_ROOT}/Target Support Files/Pods-Flixster-FlixsterUITests/Pods-Flixster-FlixsterUITests-frameworks-${CONFIGURATION}-input-files.xcfilelist",
			);
			name = "[CP] Embed Pods Frameworks";
			outputFileListPaths = (
				"${PODS_ROOT}/Target Support Files/Pods-Flixster-FlixsterUITests/Pods-Flixster-FlixsterUITests-frameworks-${CONFIGURATION}-output-files.xcfilelist",
			);
			runOnlyForDeploymentPostprocessing = 0;
			shellPath = /bin/sh;
			shellScript = "\"${PODS_ROOT}/Target Support Files/Pods-Flixster-FlixsterUITests/Pods-Flixster-FlixsterUITests-frameworks.sh\"\n";
			showEnvVarsInLog = 0;
		};
		EE9CC642CD0C63DA89243DE5 /* [CP] Check Pods Manifest.lock */ = {
			isa = PBXShellScriptBuildPhase;
			buildActionMask = 2147483647;
			files = (
			);
			inputFileListPaths = (
			);
			inputPaths = (
				"${PODS_PODFILE_DIR_PATH}/Podfile.lock",
				"${PODS_ROOT}/Manifest.lock",
			);
			name = "[CP] Check Pods Manifest.lock";
			outputFileListPaths = (
			);
			outputPaths = (
				"$(DERIVED_FILE_DIR)/Pods-FlixsterTests-checkManifestLockResult.txt",
			);
			runOnlyForDeploymentPostprocessing = 0;
			shellPath = /bin/sh;
			shellScript = "diff \"${PODS_PODFILE_DIR_PATH}/Podfile.lock\" \"${PODS_ROOT}/Manifest.lock\" > /dev/null\nif [ $? != 0 ] ; then\n    # print error to STDERR\n    echo \"error: The sandbox is not in sync with the Podfile.lock. Run 'pod install' or update your CocoaPods installation.\" >&2\n    exit 1\nfi\n# This output is used by Xcode 'outputs' to avoid re-running this script phase.\necho \"SUCCESS\" > \"${SCRIPT_OUTPUT_FILE_0}\"\n";
			showEnvVarsInLog = 0;
		};
/* End PBXShellScriptBuildPhase section */

/* Begin PBXSourcesBuildPhase section */
		15340F272517178F00920ED6 /* Sources */ = {
			isa = PBXSourcesBuildPhase;
			buildActionMask = 2147483647;
			files = (
				15BE1AA9252A73B200BCEDBC /* MovieDetailsViewController.swift in Sources */,
				15340F2F2517178F00920ED6 /* AppDelegate.swift in Sources */,
				15340F312517178F00920ED6 /* SceneDelegate.swift in Sources */,
				1582FCDC251E617100F5AD52 /* MovieCell.swift in Sources */,
				15340F5F251719F500920ED6 /* MoviesViewController.swift in Sources */,
				15BE1AAE252A866C00BCEDBC /* MovieGridViewController.swift in Sources */,
				15BE1AB3252AB39100BCEDBC /* MovieGridCell.swift in Sources */,
			);
			runOnlyForDeploymentPostprocessing = 0;
		};
		15340F3D2517179100920ED6 /* Sources */ = {
			isa = PBXSourcesBuildPhase;
			buildActionMask = 2147483647;
			files = (
				15340F462517179100920ED6 /* FlixsterTests.swift in Sources */,
			);
			runOnlyForDeploymentPostprocessing = 0;
		};
		15340F482517179100920ED6 /* Sources */ = {
			isa = PBXSourcesBuildPhase;
			buildActionMask = 2147483647;
			files = (
				15340F512517179100920ED6 /* FlixsterUITests.swift in Sources */,
			);
			runOnlyForDeploymentPostprocessing = 0;
		};
/* End PBXSourcesBuildPhase section */

/* Begin PBXTargetDependency section */
		15340F432517179100920ED6 /* PBXTargetDependency */ = {
			isa = PBXTargetDependency;
			target = 15340F2A2517178F00920ED6 /* Flixster */;
			targetProxy = 15340F422517179100920ED6 /* PBXContainerItemProxy */;
		};
		15340F4E2517179100920ED6 /* PBXTargetDependency */ = {
			isa = PBXTargetDependency;
			target = 15340F2A2517178F00920ED6 /* Flixster */;
			targetProxy = 15340F4D2517179100920ED6 /* PBXContainerItemProxy */;
		};
/* End PBXTargetDependency section */

/* Begin PBXVariantGroup section */
		15340F342517178F00920ED6 /* Main.storyboard */ = {
			isa = PBXVariantGroup;
			children = (
				15340F352517178F00920ED6 /* Base */,
			);
			name = Main.storyboard;
			sourceTree = "<group>";
		};
		15340F392517179100920ED6 /* LaunchScreen.storyboard */ = {
			isa = PBXVariantGroup;
			children = (
				15340F3A2517179100920ED6 /* Base */,
			);
			name = LaunchScreen.storyboard;
			sourceTree = "<group>";
		};
/* End PBXVariantGroup section */

/* Begin XCBuildConfiguration section */
		15340F532517179100920ED6 /* Debug */ = {
			isa = XCBuildConfiguration;
			buildSettings = {
				ALWAYS_SEARCH_USER_PATHS = NO;
				CLANG_ANALYZER_NONNULL = YES;
				CLANG_ANALYZER_NUMBER_OBJECT_CONVERSION = YES_AGGRESSIVE;
				CLANG_CXX_LANGUAGE_STANDARD = "gnu++14";
				CLANG_CXX_LIBRARY = "libc++";
				CLANG_ENABLE_MODULES = YES;
				CLANG_ENABLE_OBJC_ARC = YES;
				CLANG_ENABLE_OBJC_WEAK = YES;
				CLANG_WARN_BLOCK_CAPTURE_AUTORELEASING = YES;
				CLANG_WARN_BOOL_CONVERSION = YES;
				CLANG_WARN_COMMA = YES;
				CLANG_WARN_CONSTANT_CONVERSION = YES;
				CLANG_WARN_DEPRECATED_OBJC_IMPLEMENTATIONS = YES;
				CLANG_WARN_DIRECT_OBJC_ISA_USAGE = YES_ERROR;
				CLANG_WARN_DOCUMENTATION_COMMENTS = YES;
				CLANG_WARN_EMPTY_BODY = YES;
				CLANG_WARN_ENUM_CONVERSION = YES;
				CLANG_WARN_INFINITE_RECURSION = YES;
				CLANG_WARN_INT_CONVERSION = YES;
				CLANG_WARN_NON_LITERAL_NULL_CONVERSION = YES;
				CLANG_WARN_OBJC_IMPLICIT_RETAIN_SELF = YES;
				CLANG_WARN_OBJC_LITERAL_CONVERSION = YES;
				CLANG_WARN_OBJC_ROOT_CLASS = YES_ERROR;
				CLANG_WARN_QUOTED_INCLUDE_IN_FRAMEWORK_HEADER = YES;
				CLANG_WARN_RANGE_LOOP_ANALYSIS = YES;
				CLANG_WARN_STRICT_PROTOTYPES = YES;
				CLANG_WARN_SUSPICIOUS_MOVE = YES;
				CLANG_WARN_UNGUARDED_AVAILABILITY = YES_AGGRESSIVE;
				CLANG_WARN_UNREACHABLE_CODE = YES;
				CLANG_WARN__DUPLICATE_METHOD_MATCH = YES;
				COPY_PHASE_STRIP = NO;
				DEBUG_INFORMATION_FORMAT = dwarf;
				ENABLE_STRICT_OBJC_MSGSEND = YES;
				ENABLE_TESTABILITY = YES;
				GCC_C_LANGUAGE_STANDARD = gnu11;
				GCC_DYNAMIC_NO_PIC = NO;
				GCC_NO_COMMON_BLOCKS = YES;
				GCC_OPTIMIZATION_LEVEL = 0;
				GCC_PREPROCESSOR_DEFINITIONS = (
					"DEBUG=1",
					"$(inherited)",
				);
				GCC_WARN_64_TO_32_BIT_CONVERSION = YES;
				GCC_WARN_ABOUT_RETURN_TYPE = YES_ERROR;
				GCC_WARN_UNDECLARED_SELECTOR = YES;
				GCC_WARN_UNINITIALIZED_AUTOS = YES_AGGRESSIVE;
				GCC_WARN_UNUSED_FUNCTION = YES;
				GCC_WARN_UNUSED_VARIABLE = YES;
				IPHONEOS_DEPLOYMENT_TARGET = 13.7;
				MTL_ENABLE_DEBUG_INFO = INCLUDE_SOURCE;
				MTL_FAST_MATH = YES;
				ONLY_ACTIVE_ARCH = YES;
				SDKROOT = iphoneos;
				SWIFT_ACTIVE_COMPILATION_CONDITIONS = DEBUG;
				SWIFT_OPTIMIZATION_LEVEL = "-Onone";
			};
			name = Debug;
		};
		15340F542517179100920ED6 /* Release */ = {
			isa = XCBuildConfiguration;
			buildSettings = {
				ALWAYS_SEARCH_USER_PATHS = NO;
				CLANG_ANALYZER_NONNULL = YES;
				CLANG_ANALYZER_NUMBER_OBJECT_CONVERSION = YES_AGGRESSIVE;
				CLANG_CXX_LANGUAGE_STANDARD = "gnu++14";
				CLANG_CXX_LIBRARY = "libc++";
				CLANG_ENABLE_MODULES = YES;
				CLANG_ENABLE_OBJC_ARC = YES;
				CLANG_ENABLE_OBJC_WEAK = YES;
				CLANG_WARN_BLOCK_CAPTURE_AUTORELEASING = YES;
				CLANG_WARN_BOOL_CONVERSION = YES;
				CLANG_WARN_COMMA = YES;
				CLANG_WARN_CONSTANT_CONVERSION = YES;
				CLANG_WARN_DEPRECATED_OBJC_IMPLEMENTATIONS = YES;
				CLANG_WARN_DIRECT_OBJC_ISA_USAGE = YES_ERROR;
				CLANG_WARN_DOCUMENTATION_COMMENTS = YES;
				CLANG_WARN_EMPTY_BODY = YES;
				CLANG_WARN_ENUM_CONVERSION = YES;
				CLANG_WARN_INFINITE_RECURSION = YES;
				CLANG_WARN_INT_CONVERSION = YES;
				CLANG_WARN_NON_LITERAL_NULL_CONVERSION = YES;
				CLANG_WARN_OBJC_IMPLICIT_RETAIN_SELF = YES;
				CLANG_WARN_OBJC_LITERAL_CONVERSION = YES;
				CLANG_WARN_OBJC_ROOT_CLASS = YES_ERROR;
				CLANG_WARN_QUOTED_INCLUDE_IN_FRAMEWORK_HEADER = YES;
				CLANG_WARN_RANGE_LOOP_ANALYSIS = YES;
				CLANG_WARN_STRICT_PROTOTYPES = YES;
				CLANG_WARN_SUSPICIOUS_MOVE = YES;
				CLANG_WARN_UNGUARDED_AVAILABILITY = YES_AGGRESSIVE;
				CLANG_WARN_UNREACHABLE_CODE = YES;
				CLANG_WARN__DUPLICATE_METHOD_MATCH = YES;
				COPY_PHASE_STRIP = NO;
				DEBUG_INFORMATION_FORMAT = "dwarf-with-dsym";
				ENABLE_NS_ASSERTIONS = NO;
				ENABLE_STRICT_OBJC_MSGSEND = YES;
				GCC_C_LANGUAGE_STANDARD = gnu11;
				GCC_NO_COMMON_BLOCKS = YES;
				GCC_WARN_64_TO_32_BIT_CONVERSION = YES;
				GCC_WARN_ABOUT_RETURN_TYPE = YES_ERROR;
				GCC_WARN_UNDECLARED_SELECTOR = YES;
				GCC_WARN_UNINITIALIZED_AUTOS = YES_AGGRESSIVE;
				GCC_WARN_UNUSED_FUNCTION = YES;
				GCC_WARN_UNUSED_VARIABLE = YES;
				IPHONEOS_DEPLOYMENT_TARGET = 13.7;
				MTL_ENABLE_DEBUG_INFO = NO;
				MTL_FAST_MATH = YES;
				SDKROOT = iphoneos;
				SWIFT_COMPILATION_MODE = wholemodule;
				SWIFT_OPTIMIZATION_LEVEL = "-O";
				VALIDATE_PRODUCT = YES;
			};
			name = Release;
		};
		15340F562517179100920ED6 /* Debug */ = {
			isa = XCBuildConfiguration;
			baseConfigurationReference = BDA7C336D0D4712AA46A137F /* Pods-Flixster.debug.xcconfig */;
			buildSettings = {
				ASSETCATALOG_COMPILER_APPICON_NAME = AppIcon;
				CODE_SIGN_STYLE = Automatic;
				DEVELOPMENT_TEAM = RPCGMA5838;
				INFOPLIST_FILE = Flixster/Info.plist;
				LD_RUNPATH_SEARCH_PATHS = (
					"$(inherited)",
					"@executable_path/Frameworks",
				);
				PRODUCT_BUNDLE_IDENTIFIER = CodePath.Flixster;
				PRODUCT_NAME = "$(TARGET_NAME)";
				SWIFT_VERSION = 5.0;
				TARGETED_DEVICE_FAMILY = "1,2";
			};
			name = Debug;
		};
		15340F572517179100920ED6 /* Release */ = {
			isa = XCBuildConfiguration;
			baseConfigurationReference = 643CB2FE98393DB0C828A89C /* Pods-Flixster.release.xcconfig */;
			buildSettings = {
				ASSETCATALOG_COMPILER_APPICON_NAME = AppIcon;
				CODE_SIGN_STYLE = Automatic;
				DEVELOPMENT_TEAM = RPCGMA5838;
				INFOPLIST_FILE = Flixster/Info.plist;
				LD_RUNPATH_SEARCH_PATHS = (
					"$(inherited)",
					"@executable_path/Frameworks",
				);
				PRODUCT_BUNDLE_IDENTIFIER = CodePath.Flixster;
				PRODUCT_NAME = "$(TARGET_NAME)";
				SWIFT_VERSION = 5.0;
				TARGETED_DEVICE_FAMILY = "1,2";
			};
			name = Release;
		};
		15340F592517179100920ED6 /* Debug */ = {
			isa = XCBuildConfiguration;
			baseConfigurationReference = E5606AF91F58A836AE226454 /* Pods-FlixsterTests.debug.xcconfig */;
			buildSettings = {
				ALWAYS_EMBED_SWIFT_STANDARD_LIBRARIES = YES;
				BUNDLE_LOADER = "$(TEST_HOST)";
				CODE_SIGN_STYLE = Automatic;
				DEVELOPMENT_TEAM = RPCGMA5838;
				INFOPLIST_FILE = FlixsterTests/Info.plist;
				IPHONEOS_DEPLOYMENT_TARGET = 13.7;
				LD_RUNPATH_SEARCH_PATHS = (
					"$(inherited)",
					"@executable_path/Frameworks",
					"@loader_path/Frameworks",
				);
				PRODUCT_BUNDLE_IDENTIFIER = CodePath.FlixsterTests;
				PRODUCT_NAME = "$(TARGET_NAME)";
				SWIFT_VERSION = 5.0;
				TARGETED_DEVICE_FAMILY = "1,2";
				TEST_HOST = "$(BUILT_PRODUCTS_DIR)/Flixster.app/Flixster";
			};
			name = Debug;
		};
		15340F5A2517179100920ED6 /* Release */ = {
			isa = XCBuildConfiguration;
			baseConfigurationReference = ADA0BDFF5AD569155E1644A5 /* Pods-FlixsterTests.release.xcconfig */;
			buildSettings = {
				ALWAYS_EMBED_SWIFT_STANDARD_LIBRARIES = YES;
				BUNDLE_LOADER = "$(TEST_HOST)";
				CODE_SIGN_STYLE = Automatic;
				DEVELOPMENT_TEAM = RPCGMA5838;
				INFOPLIST_FILE = FlixsterTests/Info.plist;
				IPHONEOS_DEPLOYMENT_TARGET = 13.7;
				LD_RUNPATH_SEARCH_PATHS = (
					"$(inherited)",
					"@executable_path/Frameworks",
					"@loader_path/Frameworks",
				);
				PRODUCT_BUNDLE_IDENTIFIER = CodePath.FlixsterTests;
				PRODUCT_NAME = "$(TARGET_NAME)";
				SWIFT_VERSION = 5.0;
				TARGETED_DEVICE_FAMILY = "1,2";
				TEST_HOST = "$(BUILT_PRODUCTS_DIR)/Flixster.app/Flixster";
			};
			name = Release;
		};
		15340F5C2517179100920ED6 /* Debug */ = {
			isa = XCBuildConfiguration;
			baseConfigurationReference = 0617A5C608C6F69F5D623BD4 /* Pods-Flixster-FlixsterUITests.debug.xcconfig */;
			buildSettings = {
				ALWAYS_EMBED_SWIFT_STANDARD_LIBRARIES = YES;
				CODE_SIGN_STYLE = Automatic;
				DEVELOPMENT_TEAM = RPCGMA5838;
				INFOPLIST_FILE = FlixsterUITests/Info.plist;
				LD_RUNPATH_SEARCH_PATHS = (
					"$(inherited)",
					"@executable_path/Frameworks",
					"@loader_path/Frameworks",
				);
				PRODUCT_BUNDLE_IDENTIFIER = CodePath.FlixsterUITests;
				PRODUCT_NAME = "$(TARGET_NAME)";
				SWIFT_VERSION = 5.0;
				TARGETED_DEVICE_FAMILY = "1,2";
				TEST_TARGET_NAME = Flixster;
			};
			name = Debug;
		};
		15340F5D2517179100920ED6 /* Release */ = {
			isa = XCBuildConfiguration;
			baseConfigurationReference = 0447631E6E1DAC10A3215024 /* Pods-Flixster-FlixsterUITests.release.xcconfig */;
			buildSettings = {
				ALWAYS_EMBED_SWIFT_STANDARD_LIBRARIES = YES;
				CODE_SIGN_STYLE = Automatic;
				DEVELOPMENT_TEAM = RPCGMA5838;
				INFOPLIST_FILE = FlixsterUITests/Info.plist;
				LD_RUNPATH_SEARCH_PATHS = (
					"$(inherited)",
					"@executable_path/Frameworks",
					"@loader_path/Frameworks",
				);
				PRODUCT_BUNDLE_IDENTIFIER = CodePath.FlixsterUITests;
				PRODUCT_NAME = "$(TARGET_NAME)";
				SWIFT_VERSION = 5.0;
				TARGETED_DEVICE_FAMILY = "1,2";
				TEST_TARGET_NAME = Flixster;
			};
			name = Release;
		};
/* End XCBuildConfiguration section */

/* Begin XCConfigurationList section */
		15340F262517178F00920ED6 /* Build configuration list for PBXProject "Flixster" */ = {
			isa = XCConfigurationList;
			buildConfigurations = (
				15340F532517179100920ED6 /* Debug */,
				15340F542517179100920ED6 /* Release */,
			);
			defaultConfigurationIsVisible = 0;
			defaultConfigurationName = Release;
		};
		15340F552517179100920ED6 /* Build configuration list for PBXNativeTarget "Flixster" */ = {
			isa = XCConfigurationList;
			buildConfigurations = (
				15340F562517179100920ED6 /* Debug */,
				15340F572517179100920ED6 /* Release */,
			);
			defaultConfigurationIsVisible = 0;
			defaultConfigurationName = Release;
		};
		15340F582517179100920ED6 /* Build configuration list for PBXNativeTarget "FlixsterTests" */ = {
			isa = XCConfigurationList;
			buildConfigurations = (
				15340F592517179100920ED6 /* Debug */,
				15340F5A2517179100920ED6 /* Release */,
			);
			defaultConfigurationIsVisible = 0;
			defaultConfigurationName = Release;
		};
		15340F5B2517179100920ED6 /* Build configuration list for PBXNativeTarget "FlixsterUITests" */ = {
			isa = XCConfigurationList;
			buildConfigurations = (
				15340F5C2517179100920ED6 /* Debug */,
				15340F5D2517179100920ED6 /* Release */,
			);
			defaultConfigurationIsVisible = 0;
			defaultConfigurationName = Release;
		};
/* End XCConfigurationList section */
	};
	rootObject = 15340F232517178F00920ED6 /* Project object */;
}
